
Microsoft Visual Studio Solution File, Format Version 12.00
# Visual Studio 15
VisualStudioVersion = 15.0.26403.7
MinimumVisualStudioVersion = 10.0.40219.1
Project("{FAE04EC0-301F-11D3-BF4B-00C04F79EFBC}") = "TECHIS.CloudFile.AzureStorage", "TECHIS.CloudFile.AzureStorage\TECHIS.CloudFile.AzureStorage.csproj", "{868F10F9-232A-41F6-947C-F16C4306ED98}"
EndProject
Project("{FAE04EC0-301F-11D3-BF4B-00C04F79EFBC}") = "Test.CloudFile.AzureStorage", "Test.CloudFile.AzureStorage\Test.CloudFile.AzureStorage.csproj", "{1193C205-1057-48D8-A7C6-DDCCA70A8119}"
EndProject
Global
	GlobalSection(SolutionConfigurationPlatforms) = preSolution
		Debug|Any CPU = Debug|Any CPU
		Release|Any CPU = Release|Any CPU
	EndGlobalSection
	GlobalSection(ProjectConfigurationPlatforms) = postSolution
		{868F10F9-232A-41F6-947C-F16C4306ED98}.Debug|Any CPU.ActiveCfg = Debug|Any CPU
		{868F10F9-232A-41F6-947C-F16C4306ED98}.Debug|Any CPU.Build.0 = Debug|Any CPU
		{868F10F9-232A-41F6-947C-F16C4306ED98}.Release|Any CPU.ActiveCfg = Release|Any CPU
		{868F10F9-232A-41F6-947C-F16C4306ED98}.Release|Any CPU.Build.0 = Release|Any CPU
		{1193C205-1057-48D8-A7C6-DDCCA70A8119}.Debug|Any CPU.ActiveCfg = Debug|Any CPU
		{1193C205-1057-48D8-A7C6-DDCCA70A8119}.Debug|Any CPU.Build.0 = Debug|Any CPU
		{1193C205-1057-48D8-A7C6-DDCCA70A8119}.Release|Any CPU.ActiveCfg = Release|Any CPU
		{1193C205-1057-48D8-A7C6-DDCCA70A8119}.Release|Any CPU.Build.0 = Release|Any CPU
	EndGlobalSection
	GlobalSection(SolutionProperties) = preSolution
		HideSolutionNode = FALSE
	EndGlobalSection
EndGlobal
